
Microsoft Visual Studio Solution File, Format Version 12.00
# Visual Studio 15
VisualStudioVersion = 15.0.28010.2046
MinimumVisualStudioVersion = 10.0.40219.1
Project("{E24C65DC-7377-472B-9ABA-BC803B73C61A}") = "fondanti", "fondanti\", "{FC3BE055-C029-4D36-813C-25D9EEBC9CA2}"
	ProjectSection(WebsiteProperties) = preProject
		TargetFrameworkMoniker = ".NETFramework,Version%3Dv4.6.1"
		Debug.AspNetCompiler.VirtualPath = "/localhost_55301"
		Debug.AspNetCompiler.PhysicalPath = "fondanti\"
		Debug.AspNetCompiler.TargetPath = "PrecompiledWeb\localhost_55301\"
		Debug.AspNetCompiler.Updateable = "true"
		Debug.AspNetCompiler.ForceOverwrite = "true"
		Debug.AspNetCompiler.FixedNames = "false"
		Debug.AspNetCompiler.Debug = "True"
		Release.AspNetCompiler.VirtualPath = "/localhost_55301"
		Release.AspNetCompiler.PhysicalPath = "fondanti\"
		Release.AspNetCompiler.TargetPath = "PrecompiledWeb\localhost_55301\"
		Release.AspNetCompiler.Updateable = "true"
		Release.AspNetCompiler.ForceOverwrite = "true"
		Release.AspNetCompiler.FixedNames = "false"
		Release.AspNetCompiler.Debug = "False"
		VWDPort = "55301"
		SlnRelativePath = "fondanti\"
		DefaultWebSiteLanguage = "Visual C#"
	EndProjectSection
EndProject
Global
	GlobalSection(SolutionConfigurationPlatforms) = preSolution
		Debug|Any CPU = Debug|Any CPU
	EndGlobalSection
	GlobalSection(ProjectConfigurationPlatforms) = postSolution
		{FC3BE055-C029-4D36-813C-25D9EEBC9CA2}.Debug|Any CPU.ActiveCfg = Debug|Any CPU
		{FC3BE055-C029-4D36-813C-25D9EEBC9CA2}.Debug|Any CPU.Build.0 = Debug|Any CPU
	EndGlobalSection
	GlobalSection(SolutionProperties) = preSolution
		HideSolutionNode = FALSE
	EndGlobalSection
	GlobalSection(ExtensibilityGlobals) = postSolution
		SolutionGuid = {84D40D75-CC5F-4238-BABF-E6FA97F551E8}
	EndGlobalSection
EndGlobal
